
Microsoft Visual Studio Solution File, Format Version 12.00
# Visual Studio Version 17
VisualStudioVersion = 17.6.33723.286
MinimumVisualStudioVersion = 10.0.40219.1
Project("{FAE04EC0-301F-11D3-BF4B-00C04F79EFBC}") = "Ders_10_Proje1", "Ders_10_Proje1.csproj", "{E163FB84-2D88-4510-91F5-CB324F7F89ED}"
EndProject
Global
	GlobalSection(SolutionConfigurationPlatforms) = preSolution
		Debug|Any CPU = Debug|Any CPU
		Release|Any CPU = Release|Any CPU
	EndGlobalSection
	GlobalSection(ProjectConfigurationPlatforms) = postSolution
		{E163FB84-2D88-4510-91F5-CB324F7F89ED}.Debug|Any CPU.ActiveCfg = Debug|Any CPU
		{E163FB84-2D88-4510-91F5-CB324F7F89ED}.Debug|Any CPU.Build.0 = Debug|Any CPU
		{E163FB84-2D88-4510-91F5-CB324F7F89ED}.Release|Any CPU.ActiveCfg = Release|Any CPU
		{E163FB84-2D88-4510-91F5-CB324F7F89ED}.Release|Any CPU.Build.0 = Release|Any CPU
	EndGlobalSection
	GlobalSection(SolutionProperties) = preSolution
		HideSolutionNode = FALSE
	EndGlobalSection
	GlobalSection(ExtensibilityGlobals) = postSolution
		SolutionGuid = {F10792EE-35F8-4370-8203-FB1534C02D4B}
	EndGlobalSection
EndGlobal
